
Microsoft Visual Studio Solution File, Format Version 12.00
# Visual Studio 15
VisualStudioVersion = 15.0.27703.2018
MinimumVisualStudioVersion = 10.0.40219.1
Project("{FAE04EC0-301F-11D3-BF4B-00C04F79EFBC}") = "BrowserStack", "BrowserStack\BrowserStack.csproj", "{87D0F703-A65C-4AA8-B850-1C39C1F55733}"
EndProject
Global
	GlobalSection(SolutionConfigurationPlatforms) = preSolution
		Debug|Any CPU = Debug|Any CPU
		Release|Any CPU = Release|Any CPU
	EndGlobalSection
	GlobalSection(ProjectConfigurationPlatforms) = postSolution
		{87D0F703-A65C-4AA8-B850-1C39C1F55733}.Debug|Any CPU.ActiveCfg = Debug|Any CPU
		{87D0F703-A65C-4AA8-B850-1C39C1F55733}.Debug|Any CPU.Build.0 = Debug|Any CPU
		{87D0F703-A65C-4AA8-B850-1C39C1F55733}.Release|Any CPU.ActiveCfg = Release|Any CPU
		{87D0F703-A65C-4AA8-B850-1C39C1F55733}.Release|Any CPU.Build.0 = Release|Any CPU
	EndGlobalSection
	GlobalSection(SolutionProperties) = preSolution
		HideSolutionNode = FALSE
	EndGlobalSection
	GlobalSection(ExtensibilityGlobals) = postSolution
		SolutionGuid = {91B12E7E-A0EC-4E5A-AC3D-DA9801B98FF7}
	EndGlobalSection
EndGlobal
